{
  "name": "node-ps1-dotnet-examples",
  "version": "0.0.0",
  "lockfileVersion": 3,
  "requires": true,
  "packages": {
    "": {
      "name": "node-ps1-dotnet-examples",
      "version": "0.0.0",
      "dependencies": {
        "@devscholar/node-ps1-dotnet": "^0.0.1"
      }
    },
    "../node-ps1-dotnet": {
      "name": "@devscholar/node-ps1-dotnet",
      "version": "0.0.1",
      "license": "ISC",
      "devDependencies": {
        "@types/node": "^25.0.10",
        "typescript": "^5.9.3"
      }
    },
    "node_modules/@devscholar/node-ps1-dotnet": {
      "resolved": "../node-ps1-dotnet",
      "link": true
    }
  }
}
